
Microsoft Visual Studio Solution File, Format Version 12.00
# Visual Studio Version 16
VisualStudioVersion = 16.0.29613.14
MinimumVisualStudioVersion = 10.0.40219.1
Project("{9A19103F-16F7-4668-BE54-9A1E7A4F7556}") = "Chesster", "Chesster\Chesster.csproj", "{16F4C618-EC5D-40BB-996E-CECC6E466EB5}"
EndProject
Project("{9A19103F-16F7-4668-BE54-9A1E7A4F7556}") = "Chesster.Tests", "Chesster.Tests\Chesster.Tests.csproj", "{A12C1FC4-E2B1-4FE2-B226-82C56C230FE9}"
EndProject
Project("{FAE04EC0-301F-11D3-BF4B-00C04F79EFBC}") = "Chesster.Debug", "Chesster.Debug\Chesster.Debug.csproj", "{0809F5BC-C988-49D0-8E1C-3D7173C889A1}"
EndProject
Global
	GlobalSection(SolutionConfigurationPlatforms) = preSolution
		Debug|Any CPU = Debug|Any CPU
		Release|Any CPU = Release|Any CPU
	EndGlobalSection
	GlobalSection(ProjectConfigurationPlatforms) = postSolution
		{16F4C618-EC5D-40BB-996E-CECC6E466EB5}.Debug|Any CPU.ActiveCfg = Debug|Any CPU
		{16F4C618-EC5D-40BB-996E-CECC6E466EB5}.Debug|Any CPU.Build.0 = Debug|Any CPU
		{16F4C618-EC5D-40BB-996E-CECC6E466EB5}.Release|Any CPU.ActiveCfg = Release|Any CPU
		{16F4C618-EC5D-40BB-996E-CECC6E466EB5}.Release|Any CPU.Build.0 = Release|Any CPU
		{A12C1FC4-E2B1-4FE2-B226-82C56C230FE9}.Debug|Any CPU.ActiveCfg = Debug|Any CPU
		{A12C1FC4-E2B1-4FE2-B226-82C56C230FE9}.Debug|Any CPU.Build.0 = Debug|Any CPU
		{A12C1FC4-E2B1-4FE2-B226-82C56C230FE9}.Release|Any CPU.ActiveCfg = Release|Any CPU
		{A12C1FC4-E2B1-4FE2-B226-82C56C230FE9}.Release|Any CPU.Build.0 = Release|Any CPU
		{0809F5BC-C988-49D0-8E1C-3D7173C889A1}.Debug|Any CPU.ActiveCfg = Debug|Any CPU
		{0809F5BC-C988-49D0-8E1C-3D7173C889A1}.Debug|Any CPU.Build.0 = Debug|Any CPU
		{0809F5BC-C988-49D0-8E1C-3D7173C889A1}.Release|Any CPU.ActiveCfg = Release|Any CPU
		{0809F5BC-C988-49D0-8E1C-3D7173C889A1}.Release|Any CPU.Build.0 = Release|Any CPU
	EndGlobalSection
	GlobalSection(SolutionProperties) = preSolution
		HideSolutionNode = FALSE
	EndGlobalSection
	GlobalSection(ExtensibilityGlobals) = postSolution
		SolutionGuid = {C30AAB6E-E94D-41EF-9B85-26A655A9FAA1}
	EndGlobalSection
EndGlobal
